// !$*UTF8*$!
{
	archiveVersion = 1;
	classes = {
	};
	objectVersion = 56;
	objects = {

/* Begin PBXBuildFile section */
		832071FE2B15725E006C3499 /* AuthManager.swift in Sources */ = {isa = PBXBuildFile; fileRef = 832071FD2B15725E006C3499 /* AuthManager.swift */; };
		832072012B15A6D0006C3499 /* PhotoSwipeViewController.swift in Sources */ = {isa = PBXBuildFile; fileRef = 832072002B15A6D0006C3499 /* PhotoSwipeViewController.swift */; };
		832072052B15A917006C3499 /* LoginProgressIndicatorManager.swift in Sources */ = {isa = PBXBuildFile; fileRef = 832072042B15A917006C3499 /* LoginProgressIndicatorManager.swift */; };
		839382352B1908BE0006B69C /* SwipeCardView.swift in Sources */ = {isa = PBXBuildFile; fileRef = 839382322B1908BD0006B69C /* SwipeCardView.swift */; };
		839382362B1908BE0006B69C /* StackContainerView.swift in Sources */ = {isa = PBXBuildFile; fileRef = 839382342B1908BD0006B69C /* StackContainerView.swift */; };
		839382372B1908BE0006B69C /* PhotoSwipeView.swift in Sources */ = {isa = PBXBuildFile; fileRef = 839382332B1908BD0006B69C /* PhotoSwipeView.swift */; };
		839382402B190AFE0006B69C /* Cards.swift in Sources */ = {isa = PBXBuildFile; fileRef = 8393823F2B190AFE0006B69C /* Cards.swift */; };
		839382442B190B0F0006B69C /* SwipeContainerDelegate.swift in Sources */ = {isa = PBXBuildFile; fileRef = 839382422B190B0F0006B69C /* SwipeContainerDelegate.swift */; };
		839382452B190B0F0006B69C /* SwipeContainerManager.swift in Sources */ = {isa = PBXBuildFile; fileRef = 839382432B190B0F0006B69C /* SwipeContainerManager.swift */; };
		839382482B198EE30006B69C /* PhotoUrl.swift in Sources */ = {isa = PBXBuildFile; fileRef = 839382472B198EE30006B69C /* PhotoUrl.swift */; };
		8393824A2B198F3C0006B69C /* PhotoSwipeFirestoreManager.swift in Sources */ = {isa = PBXBuildFile; fileRef = 839382492B198F3C0006B69C /* PhotoSwipeFirestoreManager.swift */; };
		8393824C2B1BDF1C0006B69C /* ImageViewUtils.swift in Sources */ = {isa = PBXBuildFile; fileRef = 8393824B2B1BDF1B0006B69C /* ImageViewUtils.swift */; };
		8393824F2B21B4700006B69C /* AlbumSelectTableViewCell.swift in Sources */ = {isa = PBXBuildFile; fileRef = 8393824E2B21B4700006B69C /* AlbumSelectTableViewCell.swift */; };
		839382542B21B9E40006B69C /* AlbumSelectTableViewManager.swift in Sources */ = {isa = PBXBuildFile; fileRef = 839382532B21B9E40006B69C /* AlbumSelectTableViewManager.swift */; };
		839382562B21BA280006B69C /* Configs.swift in Sources */ = {isa = PBXBuildFile; fileRef = 839382552B21BA280006B69C /* Configs.swift */; };
		839382582B21BC090006B69C /* Album.swift in Sources */ = {isa = PBXBuildFile; fileRef = 839382572B21BC090006B69C /* Album.swift */; };
		8393825A2B21BF870006B69C /* CheckBox.swift in Sources */ = {isa = PBXBuildFile; fileRef = 839382592B21BF870006B69C /* CheckBox.swift */; };
		8393825D2B21C2C70006B69C /* AlbumSelectViewController.swift in Sources */ = {isa = PBXBuildFile; fileRef = 8393825C2B21C2C70006B69C /* AlbumSelectViewController.swift */; };
		839382602B21C2EE0006B69C /* AlbumSelectView.swift in Sources */ = {isa = PBXBuildFile; fileRef = 8393825F2B21C2EE0006B69C /* AlbumSelectView.swift */; };
		D80D345B2B068F6800D385F4 /* AppDelegate.swift in Sources */ = {isa = PBXBuildFile; fileRef = D80D345A2B068F6800D385F4 /* AppDelegate.swift */; };
		D80D345D2B068F6800D385F4 /* SceneDelegate.swift in Sources */ = {isa = PBXBuildFile; fileRef = D80D345C2B068F6800D385F4 /* SceneDelegate.swift */; };
		D80D345F2B068F6800D385F4 /* ViewController.swift in Sources */ = {isa = PBXBuildFile; fileRef = D80D345E2B068F6800D385F4 /* ViewController.swift */; };
		D80D34622B068F6800D385F4 /* Main.storyboard in Resources */ = {isa = PBXBuildFile; fileRef = D80D34602B068F6800D385F4 /* Main.storyboard */; };
		D80D34642B068F6C00D385F4 /* Assets.xcassets in Resources */ = {isa = PBXBuildFile; fileRef = D80D34632B068F6C00D385F4 /* Assets.xcassets */; };
		D80D34672B068F6C00D385F4 /* LaunchScreen.storyboard in Resources */ = {isa = PBXBuildFile; fileRef = D80D34652B068F6C00D385F4 /* LaunchScreen.storyboard */; };
		D80D34702B0690AA00D385F4 /* FirebaseAnalytics in Frameworks */ = {isa = PBXBuildFile; productRef = D80D346F2B0690AA00D385F4 /* FirebaseAnalytics */; };
		D80D34722B0690AA00D385F4 /* FirebaseAnalyticsOnDeviceConversion in Frameworks */ = {isa = PBXBuildFile; productRef = D80D34712B0690AA00D385F4 /* FirebaseAnalyticsOnDeviceConversion */; };
		D80D34742B0690AA00D385F4 /* FirebaseAnalyticsSwift in Frameworks */ = {isa = PBXBuildFile; productRef = D80D34732B0690AA00D385F4 /* FirebaseAnalyticsSwift */; };
		D80D34762B0690AA00D385F4 /* FirebaseAnalyticsWithoutAdIdSupport in Frameworks */ = {isa = PBXBuildFile; productRef = D80D34752B0690AA00D385F4 /* FirebaseAnalyticsWithoutAdIdSupport */; };
		D80D34782B0690AA00D385F4 /* FirebaseAppCheck in Frameworks */ = {isa = PBXBuildFile; productRef = D80D34772B0690AA00D385F4 /* FirebaseAppCheck */; };
		D80D347C2B06941100D385F4 /* MainScreenView.swift in Sources */ = {isa = PBXBuildFile; fileRef = D80D347B2B06941100D385F4 /* MainScreenView.swift */; };
		D84825592B0BC5F1004DB2C3 /* CreateAccountViewController.swift in Sources */ = {isa = PBXBuildFile; fileRef = D84825582B0BC5F1004DB2C3 /* CreateAccountViewController.swift */; };
		D848255B2B0BC62C004DB2C3 /* FirebaseAnalytics in Frameworks */ = {isa = PBXBuildFile; productRef = D848255A2B0BC62C004DB2C3 /* FirebaseAnalytics */; };
		D848255D2B0BC62C004DB2C3 /* FirebaseAnalyticsOnDeviceConversion in Frameworks */ = {isa = PBXBuildFile; productRef = D848255C2B0BC62C004DB2C3 /* FirebaseAnalyticsOnDeviceConversion */; };
		D848255F2B0BC62C004DB2C3 /* FirebaseAnalyticsSwift in Frameworks */ = {isa = PBXBuildFile; productRef = D848255E2B0BC62C004DB2C3 /* FirebaseAnalyticsSwift */; };
		D84825612B0BC62C004DB2C3 /* FirebaseAnalyticsWithoutAdIdSupport in Frameworks */ = {isa = PBXBuildFile; productRef = D84825602B0BC62C004DB2C3 /* FirebaseAnalyticsWithoutAdIdSupport */; };
		D84825632B0BC62C004DB2C3 /* FirebaseAppCheck in Frameworks */ = {isa = PBXBuildFile; productRef = D84825622B0BC62C004DB2C3 /* FirebaseAppCheck */; };
		D84825652B0BC62C004DB2C3 /* FirebaseAppDistribution-Beta in Frameworks */ = {isa = PBXBuildFile; productRef = D84825642B0BC62C004DB2C3 /* FirebaseAppDistribution-Beta */; };
		D84825672B0BC62C004DB2C3 /* FirebaseAuth in Frameworks */ = {isa = PBXBuildFile; productRef = D84825662B0BC62C004DB2C3 /* FirebaseAuth */; };
		D84825692B0BC62C004DB2C3 /* FirebaseAuthCombine-Community in Frameworks */ = {isa = PBXBuildFile; productRef = D84825682B0BC62C004DB2C3 /* FirebaseAuthCombine-Community */; };
		D848256B2B0BC62C004DB2C3 /* FirebaseCrashlytics in Frameworks */ = {isa = PBXBuildFile; productRef = D848256A2B0BC62C004DB2C3 /* FirebaseCrashlytics */; };
		D848256D2B0BC62C004DB2C3 /* FirebaseDatabase in Frameworks */ = {isa = PBXBuildFile; productRef = D848256C2B0BC62C004DB2C3 /* FirebaseDatabase */; };
		D848256F2B0BC62C004DB2C3 /* FirebaseDatabaseSwift in Frameworks */ = {isa = PBXBuildFile; productRef = D848256E2B0BC62C004DB2C3 /* FirebaseDatabaseSwift */; };
		D84825712B0BC62C004DB2C3 /* FirebaseDynamicLinks in Frameworks */ = {isa = PBXBuildFile; productRef = D84825702B0BC62C004DB2C3 /* FirebaseDynamicLinks */; };
		D84825732B0BC62C004DB2C3 /* FirebaseFirestore in Frameworks */ = {isa = PBXBuildFile; productRef = D84825722B0BC62C004DB2C3 /* FirebaseFirestore */; };
		D84825752B0BC62C004DB2C3 /* FirebaseFirestoreCombine-Community in Frameworks */ = {isa = PBXBuildFile; productRef = D84825742B0BC62C004DB2C3 /* FirebaseFirestoreCombine-Community */; };
		D84825772B0BC62C004DB2C3 /* FirebaseFirestoreSwift in Frameworks */ = {isa = PBXBuildFile; productRef = D84825762B0BC62C004DB2C3 /* FirebaseFirestoreSwift */; };
		D84825792B0BC62C004DB2C3 /* FirebaseFunctions in Frameworks */ = {isa = PBXBuildFile; productRef = D84825782B0BC62C004DB2C3 /* FirebaseFunctions */; };
		D848257B2B0BC62C004DB2C3 /* FirebaseFunctionsCombine-Community in Frameworks */ = {isa = PBXBuildFile; productRef = D848257A2B0BC62C004DB2C3 /* FirebaseFunctionsCombine-Community */; };
		D848257D2B0BC62C004DB2C3 /* FirebaseInAppMessaging-Beta in Frameworks */ = {isa = PBXBuildFile; productRef = D848257C2B0BC62C004DB2C3 /* FirebaseInAppMessaging-Beta */; };
		D848257F2B0BC62C004DB2C3 /* FirebaseInAppMessagingSwift-Beta in Frameworks */ = {isa = PBXBuildFile; productRef = D848257E2B0BC62C004DB2C3 /* FirebaseInAppMessagingSwift-Beta */; };
		D84825812B0BC62C004DB2C3 /* FirebaseInstallations in Frameworks */ = {isa = PBXBuildFile; productRef = D84825802B0BC62C004DB2C3 /* FirebaseInstallations */; };
		D84825832B0BC62C004DB2C3 /* FirebaseMLModelDownloader in Frameworks */ = {isa = PBXBuildFile; productRef = D84825822B0BC62C004DB2C3 /* FirebaseMLModelDownloader */; };
		D84825852B0BC62C004DB2C3 /* FirebaseMessaging in Frameworks */ = {isa = PBXBuildFile; productRef = D84825842B0BC62C004DB2C3 /* FirebaseMessaging */; };
		D84825872B0BC62C004DB2C3 /* FirebasePerformance in Frameworks */ = {isa = PBXBuildFile; productRef = D84825862B0BC62C004DB2C3 /* FirebasePerformance */; };
		D84825892B0BC62C004DB2C3 /* FirebaseRemoteConfig in Frameworks */ = {isa = PBXBuildFile; productRef = D84825882B0BC62C004DB2C3 /* FirebaseRemoteConfig */; };
		D848258B2B0BC62C004DB2C3 /* FirebaseRemoteConfigSwift in Frameworks */ = {isa = PBXBuildFile; productRef = D848258A2B0BC62C004DB2C3 /* FirebaseRemoteConfigSwift */; };
		D848258D2B0BC62C004DB2C3 /* FirebaseStorage in Frameworks */ = {isa = PBXBuildFile; productRef = D848258C2B0BC62C004DB2C3 /* FirebaseStorage */; };
		D848258F2B0BC62C004DB2C3 /* FirebaseStorageCombine-Community in Frameworks */ = {isa = PBXBuildFile; productRef = D848258E2B0BC62C004DB2C3 /* FirebaseStorageCombine-Community */; };
		D84825912B0BC88C004DB2C3 /* GoogleService-Info.plist in Resources */ = {isa = PBXBuildFile; fileRef = D84825902B0BC88C004DB2C3 /* GoogleService-Info.plist */; };
		D84825932B0BC8F7004DB2C3 /* CreateAccountScreenView.swift in Sources */ = {isa = PBXBuildFile; fileRef = D84825922B0BC8F7004DB2C3 /* CreateAccountScreenView.swift */; };
		D84825952B0BCAB6004DB2C3 /* CreateAccountProgressIndicator.swift in Sources */ = {isa = PBXBuildFile; fileRef = D84825942B0BCAB6004DB2C3 /* CreateAccountProgressIndicator.swift */; };
		D84825972B0BCADF004DB2C3 /* CreateAccountFirebaseManager.swift in Sources */ = {isa = PBXBuildFile; fileRef = D84825962B0BCADF004DB2C3 /* CreateAccountFirebaseManager.swift */; };
		D84825992B0BCB09004DB2C3 /* ProgressSpinnerDelegate.swift in Sources */ = {isa = PBXBuildFile; fileRef = D84825982B0BCB09004DB2C3 /* ProgressSpinnerDelegate.swift */; };
		D848259B2B0BCB34004DB2C3 /* ProgressSpinnerViewController.swift in Sources */ = {isa = PBXBuildFile; fileRef = D848259A2B0BCB34004DB2C3 /* ProgressSpinnerViewController.swift */; };
		D85970B42B16ACBE005CFD38 /* EditProfileViewController.swift in Sources */ = {isa = PBXBuildFile; fileRef = D85970B32B16ACBD005CFD38 /* EditProfileViewController.swift */; };
		D85970B62B16ACDD005CFD38 /* EditProfileView.swift in Sources */ = {isa = PBXBuildFile; fileRef = D85970B52B16ACDD005CFD38 /* EditProfileView.swift */; };
		D8D111B72B151296001B2FD9 /* ProfileView.swift in Sources */ = {isa = PBXBuildFile; fileRef = D8D111B62B151296001B2FD9 /* ProfileView.swift */; };
		D8D111B92B1512AD001B2FD9 /* ProfileViewController.swift in Sources */ = {isa = PBXBuildFile; fileRef = D8D111B82B1512AD001B2FD9 /* ProfileViewController.swift */; };
/* End PBXBuildFile section */

/* Begin PBXFileReference section */
		832071FD2B15725E006C3499 /* AuthManager.swift */ = {isa = PBXFileReference; lastKnownFileType = sourcecode.swift; path = AuthManager.swift; sourceTree = "<group>"; };
		832072002B15A6D0006C3499 /* PhotoSwipeViewController.swift */ = {isa = PBXFileReference; lastKnownFileType = sourcecode.swift; path = PhotoSwipeViewController.swift; sourceTree = "<group>"; };
		832072042B15A917006C3499 /* LoginProgressIndicatorManager.swift */ = {isa = PBXFileReference; lastKnownFileType = sourcecode.swift; path = LoginProgressIndicatorManager.swift; sourceTree = "<group>"; };
		839382322B1908BD0006B69C /* SwipeCardView.swift */ = {isa = PBXFileReference; lastKnownFileType = sourcecode.swift; path = SwipeCardView.swift; sourceTree = "<group>"; };
		839382332B1908BD0006B69C /* PhotoSwipeView.swift */ = {isa = PBXFileReference; lastKnownFileType = sourcecode.swift; path = PhotoSwipeView.swift; sourceTree = "<group>"; };
		839382342B1908BD0006B69C /* StackContainerView.swift */ = {isa = PBXFileReference; lastKnownFileType = sourcecode.swift; path = StackContainerView.swift; sourceTree = "<group>"; };
		8393823F2B190AFE0006B69C /* Cards.swift */ = {isa = PBXFileReference; fileEncoding = 4; lastKnownFileType = sourcecode.swift; path = Cards.swift; sourceTree = "<group>"; };
		839382422B190B0F0006B69C /* SwipeContainerDelegate.swift */ = {isa = PBXFileReference; fileEncoding = 4; lastKnownFileType = sourcecode.swift; path = SwipeContainerDelegate.swift; sourceTree = "<group>"; };
		839382432B190B0F0006B69C /* SwipeContainerManager.swift */ = {isa = PBXFileReference; fileEncoding = 4; lastKnownFileType = sourcecode.swift; path = SwipeContainerManager.swift; sourceTree = "<group>"; };
		839382472B198EE30006B69C /* PhotoUrl.swift */ = {isa = PBXFileReference; lastKnownFileType = sourcecode.swift; path = PhotoUrl.swift; sourceTree = "<group>"; };
		839382492B198F3C0006B69C /* PhotoSwipeFirestoreManager.swift */ = {isa = PBXFileReference; lastKnownFileType = sourcecode.swift; path = PhotoSwipeFirestoreManager.swift; sourceTree = "<group>"; };
		8393824B2B1BDF1B0006B69C /* ImageViewUtils.swift */ = {isa = PBXFileReference; lastKnownFileType = sourcecode.swift; path = ImageViewUtils.swift; sourceTree = "<group>"; };
		8393824E2B21B4700006B69C /* AlbumSelectTableViewCell.swift */ = {isa = PBXFileReference; lastKnownFileType = sourcecode.swift; path = AlbumSelectTableViewCell.swift; sourceTree = "<group>"; };
		839382532B21B9E40006B69C /* AlbumSelectTableViewManager.swift */ = {isa = PBXFileReference; lastKnownFileType = sourcecode.swift; path = AlbumSelectTableViewManager.swift; sourceTree = "<group>"; };
		839382552B21BA280006B69C /* Configs.swift */ = {isa = PBXFileReference; lastKnownFileType = sourcecode.swift; path = Configs.swift; sourceTree = "<group>"; };
		839382572B21BC090006B69C /* Album.swift */ = {isa = PBXFileReference; lastKnownFileType = sourcecode.swift; path = Album.swift; sourceTree = "<group>"; };
		839382592B21BF870006B69C /* CheckBox.swift */ = {isa = PBXFileReference; lastKnownFileType = sourcecode.swift; path = CheckBox.swift; sourceTree = "<group>"; };
		8393825C2B21C2C70006B69C /* AlbumSelectViewController.swift */ = {isa = PBXFileReference; lastKnownFileType = sourcecode.swift; path = AlbumSelectViewController.swift; sourceTree = "<group>"; };
		8393825F2B21C2EE0006B69C /* AlbumSelectView.swift */ = {isa = PBXFileReference; lastKnownFileType = sourcecode.swift; path = AlbumSelectView.swift; sourceTree = "<group>"; };
		D80D34572B068F6800D385F4 /* PicFix.app */ = {isa = PBXFileReference; explicitFileType = wrapper.application; includeInIndex = 0; path = PicFix.app; sourceTree = BUILT_PRODUCTS_DIR; };
		D80D345A2B068F6800D385F4 /* AppDelegate.swift */ = {isa = PBXFileReference; lastKnownFileType = sourcecode.swift; path = AppDelegate.swift; sourceTree = "<group>"; };
		D80D345C2B068F6800D385F4 /* SceneDelegate.swift */ = {isa = PBXFileReference; lastKnownFileType = sourcecode.swift; path = SceneDelegate.swift; sourceTree = "<group>"; };
		D80D345E2B068F6800D385F4 /* ViewController.swift */ = {isa = PBXFileReference; lastKnownFileType = sourcecode.swift; path = ViewController.swift; sourceTree = "<group>"; };
		D80D34612B068F6800D385F4 /* Base */ = {isa = PBXFileReference; lastKnownFileType = file.storyboard; name = Base; path = Base.lproj/Main.storyboard; sourceTree = "<group>"; };
		D80D34632B068F6C00D385F4 /* Assets.xcassets */ = {isa = PBXFileReference; lastKnownFileType = folder.assetcatalog; path = Assets.xcassets; sourceTree = "<group>"; };
		D80D34662B068F6C00D385F4 /* Base */ = {isa = PBXFileReference; lastKnownFileType = file.storyboard; name = Base; path = Base.lproj/LaunchScreen.storyboard; sourceTree = "<group>"; };
		D80D34682B068F6C00D385F4 /* Info.plist */ = {isa = PBXFileReference; lastKnownFileType = text.plist.xml; path = Info.plist; sourceTree = "<group>"; };
		D80D347B2B06941100D385F4 /* MainScreenView.swift */ = {isa = PBXFileReference; lastKnownFileType = sourcecode.swift; path = MainScreenView.swift; sourceTree = "<group>"; };
		D84825582B0BC5F1004DB2C3 /* CreateAccountViewController.swift */ = {isa = PBXFileReference; lastKnownFileType = sourcecode.swift; path = CreateAccountViewController.swift; sourceTree = "<group>"; };
		D84825902B0BC88C004DB2C3 /* GoogleService-Info.plist */ = {isa = PBXFileReference; lastKnownFileType = text.plist; path = "GoogleService-Info.plist"; sourceTree = SOURCE_ROOT; };
		D84825922B0BC8F7004DB2C3 /* CreateAccountScreenView.swift */ = {isa = PBXFileReference; lastKnownFileType = sourcecode.swift; path = CreateAccountScreenView.swift; sourceTree = "<group>"; };
		D84825942B0BCAB6004DB2C3 /* CreateAccountProgressIndicator.swift */ = {isa = PBXFileReference; lastKnownFileType = sourcecode.swift; path = CreateAccountProgressIndicator.swift; sourceTree = "<group>"; };
		D84825962B0BCADF004DB2C3 /* CreateAccountFirebaseManager.swift */ = {isa = PBXFileReference; lastKnownFileType = sourcecode.swift; path = CreateAccountFirebaseManager.swift; sourceTree = "<group>"; };
		D84825982B0BCB09004DB2C3 /* ProgressSpinnerDelegate.swift */ = {isa = PBXFileReference; lastKnownFileType = sourcecode.swift; path = ProgressSpinnerDelegate.swift; sourceTree = "<group>"; };
		D848259A2B0BCB34004DB2C3 /* ProgressSpinnerViewController.swift */ = {isa = PBXFileReference; lastKnownFileType = sourcecode.swift; path = ProgressSpinnerViewController.swift; sourceTree = "<group>"; };
		D85970B32B16ACBD005CFD38 /* EditProfileViewController.swift */ = {isa = PBXFileReference; lastKnownFileType = sourcecode.swift; path = EditProfileViewController.swift; sourceTree = "<group>"; };
		D85970B52B16ACDD005CFD38 /* EditProfileView.swift */ = {isa = PBXFileReference; lastKnownFileType = sourcecode.swift; path = EditProfileView.swift; sourceTree = "<group>"; };
		D8D111B62B151296001B2FD9 /* ProfileView.swift */ = {isa = PBXFileReference; lastKnownFileType = sourcecode.swift; path = ProfileView.swift; sourceTree = "<group>"; };
		D8D111B82B1512AD001B2FD9 /* ProfileViewController.swift */ = {isa = PBXFileReference; lastKnownFileType = sourcecode.swift; path = ProfileViewController.swift; sourceTree = "<group>"; };
/* End PBXFileReference section */

/* Begin PBXFrameworksBuildPhase section */
		D80D34542B068F6800D385F4 /* Frameworks */ = {
			isa = PBXFrameworksBuildPhase;
			buildActionMask = 2147483647;
			files = (
				D84825852B0BC62C004DB2C3 /* FirebaseMessaging in Frameworks */,
				D84825752B0BC62C004DB2C3 /* FirebaseFirestoreCombine-Community in Frameworks */,
				D848256D2B0BC62C004DB2C3 /* FirebaseDatabase in Frameworks */,
				D80D34742B0690AA00D385F4 /* FirebaseAnalyticsSwift in Frameworks */,
				D848258D2B0BC62C004DB2C3 /* FirebaseStorage in Frameworks */,
				D80D34702B0690AA00D385F4 /* FirebaseAnalytics in Frameworks */,
				D848255B2B0BC62C004DB2C3 /* FirebaseAnalytics in Frameworks */,
				D848256B2B0BC62C004DB2C3 /* FirebaseCrashlytics in Frameworks */,
				D84825732B0BC62C004DB2C3 /* FirebaseFirestore in Frameworks */,
				D84825712B0BC62C004DB2C3 /* FirebaseDynamicLinks in Frameworks */,
				D848258F2B0BC62C004DB2C3 /* FirebaseStorageCombine-Community in Frameworks */,
				D848255D2B0BC62C004DB2C3 /* FirebaseAnalyticsOnDeviceConversion in Frameworks */,
				D848257B2B0BC62C004DB2C3 /* FirebaseFunctionsCombine-Community in Frameworks */,
				D848257F2B0BC62C004DB2C3 /* FirebaseInAppMessagingSwift-Beta in Frameworks */,
				D84825832B0BC62C004DB2C3 /* FirebaseMLModelDownloader in Frameworks */,
				D848257D2B0BC62C004DB2C3 /* FirebaseInAppMessaging-Beta in Frameworks */,
				D84825872B0BC62C004DB2C3 /* FirebasePerformance in Frameworks */,
				D84825692B0BC62C004DB2C3 /* FirebaseAuthCombine-Community in Frameworks */,
				D848255F2B0BC62C004DB2C3 /* FirebaseAnalyticsSwift in Frameworks */,
				D848256F2B0BC62C004DB2C3 /* FirebaseDatabaseSwift in Frameworks */,
				D80D34722B0690AA00D385F4 /* FirebaseAnalyticsOnDeviceConversion in Frameworks */,
				D84825892B0BC62C004DB2C3 /* FirebaseRemoteConfig in Frameworks */,
				D80D34782B0690AA00D385F4 /* FirebaseAppCheck in Frameworks */,
				D84825672B0BC62C004DB2C3 /* FirebaseAuth in Frameworks */,
				D84825792B0BC62C004DB2C3 /* FirebaseFunctions in Frameworks */,
				D84825812B0BC62C004DB2C3 /* FirebaseInstallations in Frameworks */,
				D84825772B0BC62C004DB2C3 /* FirebaseFirestoreSwift in Frameworks */,
				D84825612B0BC62C004DB2C3 /* FirebaseAnalyticsWithoutAdIdSupport in Frameworks */,
				D84825632B0BC62C004DB2C3 /* FirebaseAppCheck in Frameworks */,
				D848258B2B0BC62C004DB2C3 /* FirebaseRemoteConfigSwift in Frameworks */,
				D84825652B0BC62C004DB2C3 /* FirebaseAppDistribution-Beta in Frameworks */,
				D80D34762B0690AA00D385F4 /* FirebaseAnalyticsWithoutAdIdSupport in Frameworks */,
			);
			runOnlyForDeploymentPostprocessing = 0;
		};
/* End PBXFrameworksBuildPhase section */

/* Begin PBXGroup section */
		832071FC2B15721E006C3499 /* Views */ = {
			isa = PBXGroup;
			children = (
				D80D347B2B06941100D385F4 /* MainScreenView.swift */,
			);
			path = Views;
			sourceTree = "<group>";
		};
		832071FF2B15A69F006C3499 /* Photo Swipe Screen */ = {
			isa = PBXGroup;
			children = (
				839382382B1908CD0006B69C /* Views */,
				832072002B15A6D0006C3499 /* PhotoSwipeViewController.swift */,
				839382492B198F3C0006B69C /* PhotoSwipeFirestoreManager.swift */,
			);
			path = "Photo Swipe Screen";
			sourceTree = "<group>";
		};
		839382382B1908CD0006B69C /* Views */ = {
			isa = PBXGroup;
			children = (
				839382332B1908BD0006B69C /* PhotoSwipeView.swift */,
				839382342B1908BD0006B69C /* StackContainerView.swift */,
				839382322B1908BD0006B69C /* SwipeCardView.swift */,
			);
			path = Views;
			sourceTree = "<group>";
		};
		8393823E2B190AF30006B69C /* Data Models */ = {
			isa = PBXGroup;
			children = (
				8393823F2B190AFE0006B69C /* Cards.swift */,
				839382472B198EE30006B69C /* PhotoUrl.swift */,
				839382572B21BC090006B69C /* Album.swift */,
			);
			path = "Data Models";
			sourceTree = "<group>";
		};
		839382412B190B030006B69C /* Swipe Container */ = {
			isa = PBXGroup;
			children = (
				839382422B190B0F0006B69C /* SwipeContainerDelegate.swift */,
				839382432B190B0F0006B69C /* SwipeContainerManager.swift */,
			);
			path = "Swipe Container";
			sourceTree = "<group>";
		};
		8393825B2B21C27D0006B69C /* Album Select Screen */ = {
			isa = PBXGroup;
			children = (
				8393825E2B21C2CB0006B69C /* Views */,
				839382532B21B9E40006B69C /* AlbumSelectTableViewManager.swift */,
				839382592B21BF870006B69C /* CheckBox.swift */,
				8393825C2B21C2C70006B69C /* AlbumSelectViewController.swift */,
			);
			path = "Album Select Screen";
			sourceTree = "<group>";
		};
		8393825E2B21C2CB0006B69C /* Views */ = {
			isa = PBXGroup;
			children = (
				8393824E2B21B4700006B69C /* AlbumSelectTableViewCell.swift */,
				8393825F2B21C2EE0006B69C /* AlbumSelectView.swift */,
			);
			path = Views;
			sourceTree = "<group>";
		};
		D80D344E2B068F6800D385F4 = {
			isa = PBXGroup;
			children = (
				D80D34592B068F6800D385F4 /* PicFix */,
				D80D34582B068F6800D385F4 /* Products */,
			);
			sourceTree = "<group>";
		};
		D80D34582B068F6800D385F4 /* Products */ = {
			isa = PBXGroup;
			children = (
				D80D34572B068F6800D385F4 /* PicFix.app */,
			);
			name = Products;
			sourceTree = "<group>";
		};
		D80D34592B068F6800D385F4 /* PicFix */ = {
			isa = PBXGroup;
			children = (
				D80D345A2B068F6800D385F4 /* AppDelegate.swift */,
				839382552B21BA280006B69C /* Configs.swift */,
				D80D345C2B068F6800D385F4 /* SceneDelegate.swift */,
				D848259D2B0BCBAD004DB2C3 /* Main Screen */,
				D8D111BA2B1512B2001B2FD9 /* Profile Screen */,
				D85970B72B16AD90005CFD38 /* Edit Profile Screen */,
				D848259E2B0BCBC1004DB2C3 /* Create Account Screen */,
				832071FF2B15A69F006C3499 /* Photo Swipe Screen */,
				8393825B2B21C27D0006B69C /* Album Select Screen */,
				D848259C2B0BCB76004DB2C3 /* Progress Indicator */,
				839382412B190B030006B69C /* Swipe Container */,
				8393823E2B190AF30006B69C /* Data Models */,
				D80D34602B068F6800D385F4 /* Main.storyboard */,
				D80D34632B068F6C00D385F4 /* Assets.xcassets */,
				D80D34652B068F6C00D385F4 /* LaunchScreen.storyboard */,
				D80D34682B068F6C00D385F4 /* Info.plist */,
				D84825902B0BC88C004DB2C3 /* GoogleService-Info.plist */,
				8393824B2B1BDF1B0006B69C /* ImageViewUtils.swift */,
			);
			path = PicFix;
			sourceTree = "<group>";
		};
		D848259C2B0BCB76004DB2C3 /* Progress Indicator */ = {
			isa = PBXGroup;
			children = (
				D84825982B0BCB09004DB2C3 /* ProgressSpinnerDelegate.swift */,
				D848259A2B0BCB34004DB2C3 /* ProgressSpinnerViewController.swift */,
			);
			path = "Progress Indicator";
			sourceTree = "<group>";
		};
		D848259D2B0BCBAD004DB2C3 /* Main Screen */ = {
			isa = PBXGroup;
			children = (
				832071FC2B15721E006C3499 /* Views */,
				D80D345E2B068F6800D385F4 /* ViewController.swift */,
				832071FD2B15725E006C3499 /* AuthManager.swift */,
				832072042B15A917006C3499 /* LoginProgressIndicatorManager.swift */,
			);
			path = "Main Screen";
			sourceTree = "<group>";
		};
		D848259E2B0BCBC1004DB2C3 /* Create Account Screen */ = {
			isa = PBXGroup;
			children = (
				D85970B82B181888005CFD38 /* Views */,
				D84825962B0BCADF004DB2C3 /* CreateAccountFirebaseManager.swift */,
				D84825942B0BCAB6004DB2C3 /* CreateAccountProgressIndicator.swift */,
				D84825582B0BC5F1004DB2C3 /* CreateAccountViewController.swift */,
			);
			path = "Create Account Screen";
			sourceTree = "<group>";
		};
		D85970B72B16AD90005CFD38 /* Edit Profile Screen */ = {
			isa = PBXGroup;
			children = (
				D85970B92B18232D005CFD38 /* Views */,
				D85970B32B16ACBD005CFD38 /* EditProfileViewController.swift */,
			);
			path = "Edit Profile Screen";
			sourceTree = "<group>";
		};
		D85970B82B181888005CFD38 /* Views */ = {
			isa = PBXGroup;
			children = (
				D84825922B0BC8F7004DB2C3 /* CreateAccountScreenView.swift */,
			);
			path = Views;
			sourceTree = "<group>";
		};
		D85970B92B18232D005CFD38 /* Views */ = {
			isa = PBXGroup;
			children = (
				D85970B52B16ACDD005CFD38 /* EditProfileView.swift */,
			);
			path = Views;
			sourceTree = "<group>";
		};
		D8D111BA2B1512B2001B2FD9 /* Profile Screen */ = {
			isa = PBXGroup;
			children = (
				D8D111B82B1512AD001B2FD9 /* ProfileViewController.swift */,
				D8D111B62B151296001B2FD9 /* ProfileView.swift */,
			);
			path = "Profile Screen";
			sourceTree = "<group>";
		};
/* End PBXGroup section */

/* Begin PBXNativeTarget section */
		D80D34562B068F6800D385F4 /* PicFix */ = {
			isa = PBXNativeTarget;
			buildConfigurationList = D80D346B2B068F6C00D385F4 /* Build configuration list for PBXNativeTarget "PicFix" */;
			buildPhases = (
				D80D34532B068F6800D385F4 /* Sources */,
				D80D34542B068F6800D385F4 /* Frameworks */,
				D80D34552B068F6800D385F4 /* Resources */,
			);
			buildRules = (
			);
			dependencies = (
			);
			name = PicFix;
			packageProductDependencies = (
				D80D346F2B0690AA00D385F4 /* FirebaseAnalytics */,
				D80D34712B0690AA00D385F4 /* FirebaseAnalyticsOnDeviceConversion */,
				D80D34732B0690AA00D385F4 /* FirebaseAnalyticsSwift */,
				D80D34752B0690AA00D385F4 /* FirebaseAnalyticsWithoutAdIdSupport */,
				D80D34772B0690AA00D385F4 /* FirebaseAppCheck */,
				D848255A2B0BC62C004DB2C3 /* FirebaseAnalytics */,
				D848255C2B0BC62C004DB2C3 /* FirebaseAnalyticsOnDeviceConversion */,
				D848255E2B0BC62C004DB2C3 /* FirebaseAnalyticsSwift */,
				D84825602B0BC62C004DB2C3 /* FirebaseAnalyticsWithoutAdIdSupport */,
				D84825622B0BC62C004DB2C3 /* FirebaseAppCheck */,
				D84825642B0BC62C004DB2C3 /* FirebaseAppDistribution-Beta */,
				D84825662B0BC62C004DB2C3 /* FirebaseAuth */,
				D84825682B0BC62C004DB2C3 /* FirebaseAuthCombine-Community */,
				D848256A2B0BC62C004DB2C3 /* FirebaseCrashlytics */,
				D848256C2B0BC62C004DB2C3 /* FirebaseDatabase */,
				D848256E2B0BC62C004DB2C3 /* FirebaseDatabaseSwift */,
				D84825702B0BC62C004DB2C3 /* FirebaseDynamicLinks */,
				D84825722B0BC62C004DB2C3 /* FirebaseFirestore */,
				D84825742B0BC62C004DB2C3 /* FirebaseFirestoreCombine-Community */,
				D84825762B0BC62C004DB2C3 /* FirebaseFirestoreSwift */,
				D84825782B0BC62C004DB2C3 /* FirebaseFunctions */,
				D848257A2B0BC62C004DB2C3 /* FirebaseFunctionsCombine-Community */,
				D848257C2B0BC62C004DB2C3 /* FirebaseInAppMessaging-Beta */,
				D848257E2B0BC62C004DB2C3 /* FirebaseInAppMessagingSwift-Beta */,
				D84825802B0BC62C004DB2C3 /* FirebaseInstallations */,
				D84825822B0BC62C004DB2C3 /* FirebaseMLModelDownloader */,
				D84825842B0BC62C004DB2C3 /* FirebaseMessaging */,
				D84825862B0BC62C004DB2C3 /* FirebasePerformance */,
				D84825882B0BC62C004DB2C3 /* FirebaseRemoteConfig */,
				D848258A2B0BC62C004DB2C3 /* FirebaseRemoteConfigSwift */,
				D848258C2B0BC62C004DB2C3 /* FirebaseStorage */,
				D848258E2B0BC62C004DB2C3 /* FirebaseStorageCombine-Community */,
			);
			productName = PicFix;
			productReference = D80D34572B068F6800D385F4 /* PicFix.app */;
			productType = "com.apple.product-type.application";
		};
/* End PBXNativeTarget section */

/* Begin PBXProject section */
		D80D344F2B068F6800D385F4 /* Project object */ = {
			isa = PBXProject;
			attributes = {
				BuildIndependentTargetsInParallel = 1;
				LastSwiftUpdateCheck = 1500;
				LastUpgradeCheck = 1500;
				TargetAttributes = {
					D80D34562B068F6800D385F4 = {
						CreatedOnToolsVersion = 15.0.1;
					};
				};
			};
			buildConfigurationList = D80D34522B068F6800D385F4 /* Build configuration list for PBXProject "PicFix" */;
			compatibilityVersion = "Xcode 14.0";
			developmentRegion = en;
			hasScannedForEncodings = 0;
			knownRegions = (
				en,
				Base,
			);
			mainGroup = D80D344E2B068F6800D385F4;
			packageReferences = (
				D80D346E2B0690AA00D385F4 /* XCRemoteSwiftPackageReference "firebase-ios-sdk" */,
			);
			productRefGroup = D80D34582B068F6800D385F4 /* Products */;
			projectDirPath = "";
			projectRoot = "";
			targets = (
				D80D34562B068F6800D385F4 /* PicFix */,
			);
		};
/* End PBXProject section */

/* Begin PBXResourcesBuildPhase section */
		D80D34552B068F6800D385F4 /* Resources */ = {
			isa = PBXResourcesBuildPhase;
			buildActionMask = 2147483647;
			files = (
				D80D34672B068F6C00D385F4 /* LaunchScreen.storyboard in Resources */,
				D84825912B0BC88C004DB2C3 /* GoogleService-Info.plist in Resources */,
				D80D34642B068F6C00D385F4 /* Assets.xcassets in Resources */,
				D80D34622B068F6800D385F4 /* Main.storyboard in Resources */,
			);
			runOnlyForDeploymentPostprocessing = 0;
		};
/* End PBXResourcesBuildPhase section */

/* Begin PBXSourcesBuildPhase section */
		D80D34532B068F6800D385F4 /* Sources */ = {
			isa = PBXSourcesBuildPhase;
			buildActionMask = 2147483647;
			files = (
				839382482B198EE30006B69C /* PhotoUrl.swift in Sources */,
				8393824A2B198F3C0006B69C /* PhotoSwipeFirestoreManager.swift in Sources */,
				D85970B62B16ACDD005CFD38 /* EditProfileView.swift in Sources */,
				D8D111B72B151296001B2FD9 /* ProfileView.swift in Sources */,
				D84825592B0BC5F1004DB2C3 /* CreateAccountViewController.swift in Sources */,
				839382402B190AFE0006B69C /* Cards.swift in Sources */,
				839382362B1908BE0006B69C /* StackContainerView.swift in Sources */,
				D80D345F2B068F6800D385F4 /* ViewController.swift in Sources */,
				D84825972B0BCADF004DB2C3 /* CreateAccountFirebaseManager.swift in Sources */,
				D848259B2B0BCB34004DB2C3 /* ProgressSpinnerViewController.swift in Sources */,
				8393825D2B21C2C70006B69C /* AlbumSelectViewController.swift in Sources */,
				D84825932B0BC8F7004DB2C3 /* CreateAccountScreenView.swift in Sources */,
				839382562B21BA280006B69C /* Configs.swift in Sources */,
				D80D345B2B068F6800D385F4 /* AppDelegate.swift in Sources */,
				8393824C2B1BDF1C0006B69C /* ImageViewUtils.swift in Sources */,
				832072012B15A6D0006C3499 /* PhotoSwipeViewController.swift in Sources */,
				8393824F2B21B4700006B69C /* AlbumSelectTableViewCell.swift in Sources */,
				839382352B1908BE0006B69C /* SwipeCardView.swift in Sources */,
				D80D345D2B068F6800D385F4 /* SceneDelegate.swift in Sources */,
				839382542B21B9E40006B69C /* AlbumSelectTableViewManager.swift in Sources */,
				839382452B190B0F0006B69C /* SwipeContainerManager.swift in Sources */,
				839382442B190B0F0006B69C /* SwipeContainerDelegate.swift in Sources */,
				D8D111B92B1512AD001B2FD9 /* ProfileViewController.swift in Sources */,
				839382372B1908BE0006B69C /* PhotoSwipeView.swift in Sources */,
				839382602B21C2EE0006B69C /* AlbumSelectView.swift in Sources */,
				D85970B42B16ACBE005CFD38 /* EditProfileViewController.swift in Sources */,
				8393825A2B21BF870006B69C /* CheckBox.swift in Sources */,
				D84825952B0BCAB6004DB2C3 /* CreateAccountProgressIndicator.swift in Sources */,
				832071FE2B15725E006C3499 /* AuthManager.swift in Sources */,
				D84825992B0BCB09004DB2C3 /* ProgressSpinnerDelegate.swift in Sources */,
				D80D347C2B06941100D385F4 /* MainScreenView.swift in Sources */,
				832072052B15A917006C3499 /* LoginProgressIndicatorManager.swift in Sources */,
				839382582B21BC090006B69C /* Album.swift in Sources */,
			);
			runOnlyForDeploymentPostprocessing = 0;
		};
/* End PBXSourcesBuildPhase section */

/* Begin PBXVariantGroup section */
		D80D34602B068F6800D385F4 /* Main.storyboard */ = {
			isa = PBXVariantGroup;
			children = (
				D80D34612B068F6800D385F4 /* Base */,
			);
			name = Main.storyboard;
			sourceTree = "<group>";
		};
		D80D34652B068F6C00D385F4 /* LaunchScreen.storyboard */ = {
			isa = PBXVariantGroup;
			children = (
				D80D34662B068F6C00D385F4 /* Base */,
			);
			name = LaunchScreen.storyboard;
			sourceTree = "<group>";
		};
/* End PBXVariantGroup section */

/* Begin XCBuildConfiguration section */
		D80D34692B068F6C00D385F4 /* Debug */ = {
			isa = XCBuildConfiguration;
			buildSettings = {
				ALWAYS_SEARCH_USER_PATHS = NO;
				ASSETCATALOG_COMPILER_GENERATE_SWIFT_ASSET_SYMBOL_EXTENSIONS = YES;
				CLANG_ANALYZER_NONNULL = YES;
				CLANG_ANALYZER_NUMBER_OBJECT_CONVERSION = YES_AGGRESSIVE;
				CLANG_CXX_LANGUAGE_STANDARD = "gnu++20";
				CLANG_ENABLE_MODULES = YES;
				CLANG_ENABLE_OBJC_ARC = YES;
				CLANG_ENABLE_OBJC_WEAK = YES;
				CLANG_WARN_BLOCK_CAPTURE_AUTORELEASING = YES;
				CLANG_WARN_BOOL_CONVERSION = YES;
				CLANG_WARN_COMMA = YES;
				CLANG_WARN_CONSTANT_CONVERSION = YES;
				CLANG_WARN_DEPRECATED_OBJC_IMPLEMENTATIONS = YES;
				CLANG_WARN_DIRECT_OBJC_ISA_USAGE = YES_ERROR;
				CLANG_WARN_DOCUMENTATION_COMMENTS = YES;
				CLANG_WARN_EMPTY_BODY = YES;
				CLANG_WARN_ENUM_CONVERSION = YES;
				CLANG_WARN_INFINITE_RECURSION = YES;
				CLANG_WARN_INT_CONVERSION = YES;
				CLANG_WARN_NON_LITERAL_NULL_CONVERSION = YES;
				CLANG_WARN_OBJC_IMPLICIT_RETAIN_SELF = YES;
				CLANG_WARN_OBJC_LITERAL_CONVERSION = YES;
				CLANG_WARN_OBJC_ROOT_CLASS = YES_ERROR;
				CLANG_WARN_QUOTED_INCLUDE_IN_FRAMEWORK_HEADER = YES;
				CLANG_WARN_RANGE_LOOP_ANALYSIS = YES;
				CLANG_WARN_STRICT_PROTOTYPES = YES;
				CLANG_WARN_SUSPICIOUS_MOVE = YES;
				CLANG_WARN_UNGUARDED_AVAILABILITY = YES_AGGRESSIVE;
				CLANG_WARN_UNREACHABLE_CODE = YES;
				CLANG_WARN__DUPLICATE_METHOD_MATCH = YES;
				COPY_PHASE_STRIP = NO;
				DEBUG_INFORMATION_FORMAT = dwarf;
				ENABLE_STRICT_OBJC_MSGSEND = YES;
				ENABLE_TESTABILITY = YES;
				ENABLE_USER_SCRIPT_SANDBOXING = YES;
				GCC_C_LANGUAGE_STANDARD = gnu17;
				GCC_DYNAMIC_NO_PIC = NO;
				GCC_NO_COMMON_BLOCKS = YES;
				GCC_OPTIMIZATION_LEVEL = 0;
				GCC_PREPROCESSOR_DEFINITIONS = (
					"DEBUG=1",
					"$(inherited)",
				);
				GCC_WARN_64_TO_32_BIT_CONVERSION = YES;
				GCC_WARN_ABOUT_RETURN_TYPE = YES_ERROR;
				GCC_WARN_UNDECLARED_SELECTOR = YES;
				GCC_WARN_UNINITIALIZED_AUTOS = YES_AGGRESSIVE;
				GCC_WARN_UNUSED_FUNCTION = YES;
				GCC_WARN_UNUSED_VARIABLE = YES;
				IPHONEOS_DEPLOYMENT_TARGET = 17.0;
				LOCALIZATION_PREFERS_STRING_CATALOGS = YES;
				MTL_ENABLE_DEBUG_INFO = INCLUDE_SOURCE;
				MTL_FAST_MATH = YES;
				ONLY_ACTIVE_ARCH = YES;
				SDKROOT = iphoneos;
				SWIFT_ACTIVE_COMPILATION_CONDITIONS = "DEBUG $(inherited)";
				SWIFT_OPTIMIZATION_LEVEL = "-Onone";
			};
			name = Debug;
		};
		D80D346A2B068F6C00D385F4 /* Release */ = {
			isa = XCBuildConfiguration;
			buildSettings = {
				ALWAYS_SEARCH_USER_PATHS = NO;
				ASSETCATALOG_COMPILER_GENERATE_SWIFT_ASSET_SYMBOL_EXTENSIONS = YES;
				CLANG_ANALYZER_NONNULL = YES;
				CLANG_ANALYZER_NUMBER_OBJECT_CONVERSION = YES_AGGRESSIVE;
				CLANG_CXX_LANGUAGE_STANDARD = "gnu++20";
				CLANG_ENABLE_MODULES = YES;
				CLANG_ENABLE_OBJC_ARC = YES;
				CLANG_ENABLE_OBJC_WEAK = YES;
				CLANG_WARN_BLOCK_CAPTURE_AUTORELEASING = YES;
				CLANG_WARN_BOOL_CONVERSION = YES;
				CLANG_WARN_COMMA = YES;
				CLANG_WARN_CONSTANT_CONVERSION = YES;
				CLANG_WARN_DEPRECATED_OBJC_IMPLEMENTATIONS = YES;
				CLANG_WARN_DIRECT_OBJC_ISA_USAGE = YES_ERROR;
				CLANG_WARN_DOCUMENTATION_COMMENTS = YES;
				CLANG_WARN_EMPTY_BODY = YES;
				CLANG_WARN_ENUM_CONVERSION = YES;
				CLANG_WARN_INFINITE_RECURSION = YES;
				CLANG_WARN_INT_CONVERSION = YES;
				CLANG_WARN_NON_LITERAL_NULL_CONVERSION = YES;
				CLANG_WARN_OBJC_IMPLICIT_RETAIN_SELF = YES;
				CLANG_WARN_OBJC_LITERAL_CONVERSION = YES;
				CLANG_WARN_OBJC_ROOT_CLASS = YES_ERROR;
				CLANG_WARN_QUOTED_INCLUDE_IN_FRAMEWORK_HEADER = YES;
				CLANG_WARN_RANGE_LOOP_ANALYSIS = YES;
				CLANG_WARN_STRICT_PROTOTYPES = YES;
				CLANG_WARN_SUSPICIOUS_MOVE = YES;
				CLANG_WARN_UNGUARDED_AVAILABILITY = YES_AGGRESSIVE;
				CLANG_WARN_UNREACHABLE_CODE = YES;
				CLANG_WARN__DUPLICATE_METHOD_MATCH = YES;
				COPY_PHASE_STRIP = NO;
				DEBUG_INFORMATION_FORMAT = "dwarf-with-dsym";
				ENABLE_NS_ASSERTIONS = NO;
				ENABLE_STRICT_OBJC_MSGSEND = YES;
				ENABLE_USER_SCRIPT_SANDBOXING = YES;
				GCC_C_LANGUAGE_STANDARD = gnu17;
				GCC_NO_COMMON_BLOCKS = YES;
				GCC_WARN_64_TO_32_BIT_CONVERSION = YES;
				GCC_WARN_ABOUT_RETURN_TYPE = YES_ERROR;
				GCC_WARN_UNDECLARED_SELECTOR = YES;
				GCC_WARN_UNINITIALIZED_AUTOS = YES_AGGRESSIVE;
				GCC_WARN_UNUSED_FUNCTION = YES;
				GCC_WARN_UNUSED_VARIABLE = YES;
				IPHONEOS_DEPLOYMENT_TARGET = 17.0;
				LOCALIZATION_PREFERS_STRING_CATALOGS = YES;
				MTL_ENABLE_DEBUG_INFO = NO;
				MTL_FAST_MATH = YES;
				SDKROOT = iphoneos;
				SWIFT_COMPILATION_MODE = wholemodule;
				VALIDATE_PRODUCT = YES;
			};
			name = Release;
		};
		D80D346C2B068F6C00D385F4 /* Debug */ = {
			isa = XCBuildConfiguration;
			buildSettings = {
				ASSETCATALOG_COMPILER_APPICON_NAME = AppIcon;
				ASSETCATALOG_COMPILER_GLOBAL_ACCENT_COLOR_NAME = AccentColor;
				CODE_SIGN_STYLE = Automatic;
				CURRENT_PROJECT_VERSION = 1;
				DEVELOPMENT_TEAM = 83B7VGLYTJ;
				GENERATE_INFOPLIST_FILE = YES;
				INFOPLIST_FILE = PicFix/Info.plist;
				INFOPLIST_KEY_UIApplicationSupportsIndirectInputEvents = YES;
				INFOPLIST_KEY_UILaunchStoryboardName = LaunchScreen;
				INFOPLIST_KEY_UIMainStoryboardFile = Main;
				INFOPLIST_KEY_UISupportedInterfaceOrientations_iPad = "UIInterfaceOrientationPortrait UIInterfaceOrientationPortraitUpsideDown UIInterfaceOrientationLandscapeLeft UIInterfaceOrientationLandscapeRight";
				INFOPLIST_KEY_UISupportedInterfaceOrientations_iPhone = "UIInterfaceOrientationPortrait UIInterfaceOrientationLandscapeLeft UIInterfaceOrientationLandscapeRight";
				IPHONEOS_DEPLOYMENT_TARGET = 16.2;
				LD_RUNPATH_SEARCH_PATHS = (
					"$(inherited)",
					"@executable_path/Frameworks",
				);
				MARKETING_VERSION = 1.0;
				PRODUCT_BUNDLE_IDENTIFIER = com.nuios.PicFix;
				PRODUCT_NAME = "$(TARGET_NAME)";
				SWIFT_EMIT_LOC_STRINGS = YES;
				SWIFT_VERSION = 5.0;
				TARGETED_DEVICE_FAMILY = "1,2";
			};
			name = Debug;
		};
		D80D346D2B068F6C00D385F4 /* Release */ = {
			isa = XCBuildConfiguration;
			buildSettings = {
				ASSETCATALOG_COMPILER_APPICON_NAME = AppIcon;
				ASSETCATALOG_COMPILER_GLOBAL_ACCENT_COLOR_NAME = AccentColor;
				CODE_SIGN_STYLE = Automatic;
				CURRENT_PROJECT_VERSION = 1;
				DEVELOPMENT_TEAM = 83B7VGLYTJ;
				GENERATE_INFOPLIST_FILE = YES;
				INFOPLIST_FILE = PicFix/Info.plist;
				INFOPLIST_KEY_UIApplicationSupportsIndirectInputEvents = YES;
				INFOPLIST_KEY_UILaunchStoryboardName = LaunchScreen;
				INFOPLIST_KEY_UIMainStoryboardFile = Main;
				INFOPLIST_KEY_UISupportedInterfaceOrientations_iPad = "UIInterfaceOrientationPortrait UIInterfaceOrientationPortraitUpsideDown UIInterfaceOrientationLandscapeLeft UIInterfaceOrientationLandscapeRight";
				INFOPLIST_KEY_UISupportedInterfaceOrientations_iPhone = "UIInterfaceOrientationPortrait UIInterfaceOrientationLandscapeLeft UIInterfaceOrientationLandscapeRight";
				IPHONEOS_DEPLOYMENT_TARGET = 16.2;
				LD_RUNPATH_SEARCH_PATHS = (
					"$(inherited)",
					"@executable_path/Frameworks",
				);
				MARKETING_VERSION = 1.0;
				PRODUCT_BUNDLE_IDENTIFIER = com.nuios.PicFix;
				PRODUCT_NAME = "$(TARGET_NAME)";
				SWIFT_EMIT_LOC_STRINGS = YES;
				SWIFT_VERSION = 5.0;
				TARGETED_DEVICE_FAMILY = "1,2";
			};
			name = Release;
		};
/* End XCBuildConfiguration section */

/* Begin XCConfigurationList section */
		D80D34522B068F6800D385F4 /* Build configuration list for PBXProject "PicFix" */ = {
			isa = XCConfigurationList;
			buildConfigurations = (
				D80D34692B068F6C00D385F4 /* Debug */,
				D80D346A2B068F6C00D385F4 /* Release */,
			);
			defaultConfigurationIsVisible = 0;
			defaultConfigurationName = Release;
		};
		D80D346B2B068F6C00D385F4 /* Build configuration list for PBXNativeTarget "PicFix" */ = {
			isa = XCConfigurationList;
			buildConfigurations = (
				D80D346C2B068F6C00D385F4 /* Debug */,
				D80D346D2B068F6C00D385F4 /* Release */,
			);
			defaultConfigurationIsVisible = 0;
			defaultConfigurationName = Release;
		};
/* End XCConfigurationList section */

/* Begin XCRemoteSwiftPackageReference section */
		D80D346E2B0690AA00D385F4 /* XCRemoteSwiftPackageReference "firebase-ios-sdk" */ = {
			isa = XCRemoteSwiftPackageReference;
			repositoryURL = "https://github.com/firebase/firebase-ios-sdk";
			requirement = {
				kind = upToNextMajorVersion;
				minimumVersion = 10.18.0;
			};
		};
/* End XCRemoteSwiftPackageReference section */

/* Begin XCSwiftPackageProductDependency section */
		D80D346F2B0690AA00D385F4 /* FirebaseAnalytics */ = {
			isa = XCSwiftPackageProductDependency;
			package = D80D346E2B0690AA00D385F4 /* XCRemoteSwiftPackageReference "firebase-ios-sdk" */;
			productName = FirebaseAnalytics;
		};
		D80D34712B0690AA00D385F4 /* FirebaseAnalyticsOnDeviceConversion */ = {
			isa = XCSwiftPackageProductDependency;
			package = D80D346E2B0690AA00D385F4 /* XCRemoteSwiftPackageReference "firebase-ios-sdk" */;
			productName = FirebaseAnalyticsOnDeviceConversion;
		};
		D80D34732B0690AA00D385F4 /* FirebaseAnalyticsSwift */ = {
			isa = XCSwiftPackageProductDependency;
			package = D80D346E2B0690AA00D385F4 /* XCRemoteSwiftPackageReference "firebase-ios-sdk" */;
			productName = FirebaseAnalyticsSwift;
		};
		D80D34752B0690AA00D385F4 /* FirebaseAnalyticsWithoutAdIdSupport */ = {
			isa = XCSwiftPackageProductDependency;
			package = D80D346E2B0690AA00D385F4 /* XCRemoteSwiftPackageReference "firebase-ios-sdk" */;
			productName = FirebaseAnalyticsWithoutAdIdSupport;
		};
		D80D34772B0690AA00D385F4 /* FirebaseAppCheck */ = {
			isa = XCSwiftPackageProductDependency;
			package = D80D346E2B0690AA00D385F4 /* XCRemoteSwiftPackageReference "firebase-ios-sdk" */;
			productName = FirebaseAppCheck;
		};
		D848255A2B0BC62C004DB2C3 /* FirebaseAnalytics */ = {
			isa = XCSwiftPackageProductDependency;
			package = D80D346E2B0690AA00D385F4 /* XCRemoteSwiftPackageReference "firebase-ios-sdk" */;
			productName = FirebaseAnalytics;
		};
		D848255C2B0BC62C004DB2C3 /* FirebaseAnalyticsOnDeviceConversion */ = {
			isa = XCSwiftPackageProductDependency;
			package = D80D346E2B0690AA00D385F4 /* XCRemoteSwiftPackageReference "firebase-ios-sdk" */;
			productName = FirebaseAnalyticsOnDeviceConversion;
		};
		D848255E2B0BC62C004DB2C3 /* FirebaseAnalyticsSwift */ = {
			isa = XCSwiftPackageProductDependency;
			package = D80D346E2B0690AA00D385F4 /* XCRemoteSwiftPackageReference "firebase-ios-sdk" */;
			productName = FirebaseAnalyticsSwift;
		};
		D84825602B0BC62C004DB2C3 /* FirebaseAnalyticsWithoutAdIdSupport */ = {
			isa = XCSwiftPackageProductDependency;
			package = D80D346E2B0690AA00D385F4 /* XCRemoteSwiftPackageReference "firebase-ios-sdk" */;
			productName = FirebaseAnalyticsWithoutAdIdSupport;
		};
		D84825622B0BC62C004DB2C3 /* FirebaseAppCheck */ = {
			isa = XCSwiftPackageProductDependency;
			package = D80D346E2B0690AA00D385F4 /* XCRemoteSwiftPackageReference "firebase-ios-sdk" */;
			productName = FirebaseAppCheck;
		};
		D84825642B0BC62C004DB2C3 /* FirebaseAppDistribution-Beta */ = {
			isa = XCSwiftPackageProductDependency;
			package = D80D346E2B0690AA00D385F4 /* XCRemoteSwiftPackageReference "firebase-ios-sdk" */;
			productName = "FirebaseAppDistribution-Beta";
		};
		D84825662B0BC62C004DB2C3 /* FirebaseAuth */ = {
			isa = XCSwiftPackageProductDependency;
			package = D80D346E2B0690AA00D385F4 /* XCRemoteSwiftPackageReference "firebase-ios-sdk" */;
			productName = FirebaseAuth;
		};
		D84825682B0BC62C004DB2C3 /* FirebaseAuthCombine-Community */ = {
			isa = XCSwiftPackageProductDependency;
			package = D80D346E2B0690AA00D385F4 /* XCRemoteSwiftPackageReference "firebase-ios-sdk" */;
			productName = "FirebaseAuthCombine-Community";
		};
		D848256A2B0BC62C004DB2C3 /* FirebaseCrashlytics */ = {
			isa = XCSwiftPackageProductDependency;
			package = D80D346E2B0690AA00D385F4 /* XCRemoteSwiftPackageReference "firebase-ios-sdk" */;
			productName = FirebaseCrashlytics;
		};
		D848256C2B0BC62C004DB2C3 /* FirebaseDatabase */ = {
			isa = XCSwiftPackageProductDependency;
			package = D80D346E2B0690AA00D385F4 /* XCRemoteSwiftPackageReference "firebase-ios-sdk" */;
			productName = FirebaseDatabase;
		};
		D848256E2B0BC62C004DB2C3 /* FirebaseDatabaseSwift */ = {
			isa = XCSwiftPackageProductDependency;
			package = D80D346E2B0690AA00D385F4 /* XCRemoteSwiftPackageReference "firebase-ios-sdk" */;
			productName = FirebaseDatabaseSwift;
		};
		D84825702B0BC62C004DB2C3 /* FirebaseDynamicLinks */ = {
			isa = XCSwiftPackageProductDependency;
			package = D80D346E2B0690AA00D385F4 /* XCRemoteSwiftPackageReference "firebase-ios-sdk" */;
			productName = FirebaseDynamicLinks;
		};
		D84825722B0BC62C004DB2C3 /* FirebaseFirestore */ = {
			isa = XCSwiftPackageProductDependency;
			package = D80D346E2B0690AA00D385F4 /* XCRemoteSwiftPackageReference "firebase-ios-sdk" */;
			productName = FirebaseFirestore;
		};
		D84825742B0BC62C004DB2C3 /* FirebaseFirestoreCombine-Community */ = {
			isa = XCSwiftPackageProductDependency;
			package = D80D346E2B0690AA00D385F4 /* XCRemoteSwiftPackageReference "firebase-ios-sdk" */;
			productName = "FirebaseFirestoreCombine-Community";
		};
		D84825762B0BC62C004DB2C3 /* FirebaseFirestoreSwift */ = {
			isa = XCSwiftPackageProductDependency;
			package = D80D346E2B0690AA00D385F4 /* XCRemoteSwiftPackageReference "firebase-ios-sdk" */;
			productName = FirebaseFirestoreSwift;
		};
		D84825782B0BC62C004DB2C3 /* FirebaseFunctions */ = {
			isa = XCSwiftPackageProductDependency;
			package = D80D346E2B0690AA00D385F4 /* XCRemoteSwiftPackageReference "firebase-ios-sdk" */;
			productName = FirebaseFunctions;
		};
		D848257A2B0BC62C004DB2C3 /* FirebaseFunctionsCombine-Community */ = {
			isa = XCSwiftPackageProductDependency;
			package = D80D346E2B0690AA00D385F4 /* XCRemoteSwiftPackageReference "firebase-ios-sdk" */;
			productName = "FirebaseFunctionsCombine-Community";
		};
		D848257C2B0BC62C004DB2C3 /* FirebaseInAppMessaging-Beta */ = {
			isa = XCSwiftPackageProductDependency;
			package = D80D346E2B0690AA00D385F4 /* XCRemoteSwiftPackageReference "firebase-ios-sdk" */;
			productName = "FirebaseInAppMessaging-Beta";
		};
		D848257E2B0BC62C004DB2C3 /* FirebaseInAppMessagingSwift-Beta */ = {
			isa = XCSwiftPackageProductDependency;
			package = D80D346E2B0690AA00D385F4 /* XCRemoteSwiftPackageReference "firebase-ios-sdk" */;
			productName = "FirebaseInAppMessagingSwift-Beta";
		};
		D84825802B0BC62C004DB2C3 /* FirebaseInstallations */ = {
			isa = XCSwiftPackageProductDependency;
			package = D80D346E2B0690AA00D385F4 /* XCRemoteSwiftPackageReference "firebase-ios-sdk" */;
			productName = FirebaseInstallations;
		};
		D84825822B0BC62C004DB2C3 /* FirebaseMLModelDownloader */ = {
			isa = XCSwiftPackageProductDependency;
			package = D80D346E2B0690AA00D385F4 /* XCRemoteSwiftPackageReference "firebase-ios-sdk" */;
			productName = FirebaseMLModelDownloader;
		};
		D84825842B0BC62C004DB2C3 /* FirebaseMessaging */ = {
			isa = XCSwiftPackageProductDependency;
			package = D80D346E2B0690AA00D385F4 /* XCRemoteSwiftPackageReference "firebase-ios-sdk" */;
			productName = FirebaseMessaging;
		};
		D84825862B0BC62C004DB2C3 /* FirebasePerformance */ = {
			isa = XCSwiftPackageProductDependency;
			package = D80D346E2B0690AA00D385F4 /* XCRemoteSwiftPackageReference "firebase-ios-sdk" */;
			productName = FirebasePerformance;
		};
		D84825882B0BC62C004DB2C3 /* FirebaseRemoteConfig */ = {
			isa = XCSwiftPackageProductDependency;
			package = D80D346E2B0690AA00D385F4 /* XCRemoteSwiftPackageReference "firebase-ios-sdk" */;
			productName = FirebaseRemoteConfig;
		};
		D848258A2B0BC62C004DB2C3 /* FirebaseRemoteConfigSwift */ = {
			isa = XCSwiftPackageProductDependency;
			package = D80D346E2B0690AA00D385F4 /* XCRemoteSwiftPackageReference "firebase-ios-sdk" */;
			productName = FirebaseRemoteConfigSwift;
		};
		D848258C2B0BC62C004DB2C3 /* FirebaseStorage */ = {
			isa = XCSwiftPackageProductDependency;
			package = D80D346E2B0690AA00D385F4 /* XCRemoteSwiftPackageReference "firebase-ios-sdk" */;
			productName = FirebaseStorage;
		};
		D848258E2B0BC62C004DB2C3 /* FirebaseStorageCombine-Community */ = {
			isa = XCSwiftPackageProductDependency;
			package = D80D346E2B0690AA00D385F4 /* XCRemoteSwiftPackageReference "firebase-ios-sdk" */;
			productName = "FirebaseStorageCombine-Community";
		};
/* End XCSwiftPackageProductDependency section */
	};
	rootObject = D80D344F2B068F6800D385F4 /* Project object */;
}
